
Microsoft Visual Studio Solution File, Format Version 12.00
# Visual Studio Version 17
VisualStudioVersion = 17.11.35208.52
MinimumVisualStudioVersion = 10.0.40219.1
Project("{9A19103F-16F7-4668-BE54-9A1E7A4F7556}") = "pelis", "pelis\pelis.csproj", "{6E3FC59B-09A0-4196-BCE7-8C99A9255E10}"
EndProject
Project("{FAE04EC0-301F-11D3-BF4B-00C04F79EFBC}") = "RDLCDesing", "RDLCDesing\RDLCDesing.csproj", "{73317C66-A94D-4C9B-9B48-446E66F061F3}"
EndProject
Global
	GlobalSection(SolutionConfigurationPlatforms) = preSolution
		Debug|Any CPU = Debug|Any CPU
		Release|Any CPU = Release|Any CPU
	EndGlobalSection
	GlobalSection(ProjectConfigurationPlatforms) = postSolution
		{6E3FC59B-09A0-4196-BCE7-8C99A9255E10}.Debug|Any CPU.ActiveCfg = Debug|Any CPU
		{6E3FC59B-09A0-4196-BCE7-8C99A9255E10}.Debug|Any CPU.Build.0 = Debug|Any CPU
		{6E3FC59B-09A0-4196-BCE7-8C99A9255E10}.Release|Any CPU.ActiveCfg = Release|Any CPU
		{6E3FC59B-09A0-4196-BCE7-8C99A9255E10}.Release|Any CPU.Build.0 = Release|Any CPU
		{73317C66-A94D-4C9B-9B48-446E66F061F3}.Debug|Any CPU.ActiveCfg = Debug|Any CPU
		{73317C66-A94D-4C9B-9B48-446E66F061F3}.Debug|Any CPU.Build.0 = Debug|Any CPU
		{73317C66-A94D-4C9B-9B48-446E66F061F3}.Release|Any CPU.ActiveCfg = Release|Any CPU
		{73317C66-A94D-4C9B-9B48-446E66F061F3}.Release|Any CPU.Build.0 = Release|Any CPU
	EndGlobalSection
	GlobalSection(SolutionProperties) = preSolution
		HideSolutionNode = FALSE
	EndGlobalSection
	GlobalSection(ExtensibilityGlobals) = postSolution
		SolutionGuid = {0275BED6-9D5D-43AF-933B-408950C19995}
	EndGlobalSection
EndGlobal
